lockfileVersion: '9.0'

settings:
  autoInstallPeers: true
  excludeLinksFromLockfile: false

importers:

  .:
    dependencies:
      nodemailer:
        specifier: ^7.0.9
        version: 7.0.9

packages:

  nodemailer@7.0.9:
    resolution: {integrity: sha512-9/Qm0qXIByEP8lEV2qOqcAW7bRpL8CR9jcTwk3NBnHJNmP9fIJ86g2fgmIXqHY+nj55ZEMwWqYAT2QTDpRUYiQ==}
    engines: {node: '>=6.0.0'}

snapshots:

  nodemailer@7.0.9: {}
